# This file is automatically @generated by Cargo.
# It is not intended for manual editing.
version = 3

[[package]]
name = "autocfg"
version = "1.0.1"
source = "registry+https://github.com/rust-lang/crates.io-index"
checksum = "cdb031dd78e28731d87d56cc8ffef4a8f36ca26c38fe2de700543e627f8a464a"

[[package]]
name = "bcc"
version = "0.0.32"
source = "registry+https://github.com/rust-lang/crates.io-index"
checksum = "ba2c196094bae3582a200edcb36436cc2a6bc766c29b25496ff5618a8ebd2283"
dependencies = [
 "bcc-sys",
 "bitflags",
 "byteorder",
 "libc",
 "thiserror",
]

[[package]]
name = "bcc-sys"
version = "0.23.0"
source = "registry+https://github.com/rust-lang/crates.io-index"
checksum = "5f40afb3abbf90895dda3ddbc6d8734d24215130a22d646067690f5e318f81bc"

[[package]]
name = "bitflags"
version = "1.3.2"
source = "registry+https://github.com/rust-lang/crates.io-index"
checksum = "bef38d45163c2f1dde094a7dfd33ccf595c92905c8f8f4fdc18d06fb1037718a"

[[package]]
name = "build-utils"
version = "0.0.1"

[[package]]
name = "byteorder"
version = "1.4.3"
source = "registry+https://github.com/rust-lang/crates.io-index"
checksum = "14c189c53d098945499cdfa7ecc63567cf3886b3332b312a5b4585d8d3a6a610"

[[package]]
name = "cfg-if"
version = "1.0.0"
source = "registry+https://github.com/rust-lang/crates.io-index"
checksum = "baf1de4339761588bc0619e3cbc0120ee582ebb74b53b4efbf79117bd2da40fd"

[[package]]
name = "chlorine"
version = "1.0.9"
source = "registry+https://github.com/rust-lang/crates.io-index"
checksum = "11ec8446a392659397e36a823f11c4800eb451d045bb4f37761fbf457d972769"

[[package]]
name = "clap"
version = "3.1.6"
source = "registry+https://github.com/rust-lang/crates.io-index"
checksum = "d8c93436c21e4698bacadf42917db28b23017027a4deccb35dbe47a7e7840123"
dependencies = [
 "bitflags",
 "indexmap",
 "lazy_static",
 "os_str_bytes",
 "textwrap",
]

[[package]]
name = "container-pid"
version = "0.2.0"
source = "registry+https://github.com/rust-lang/crates.io-index"
checksum = "68d1dacc03e8237a068c9f700c4fddad103cb59b6f891ab401df10eb0bee4e76"
dependencies = [
 "libc",
 "simple-error",
]

[[package]]
name = "elfloader"
version = "0.14.0"
source = "registry+https://github.com/rust-lang/crates.io-index"
checksum = "a249d6a9d50f3bf5a3cb7bfd75e84989cad89c6c77b5996c8b084e844146ff04"
dependencies = [
 "bitflags",
 "log",
 "xmas-elf",
]

[[package]]
name = "env_logger"
version = "0.9.0"
source = "registry+https://github.com/rust-lang/crates.io-index"
checksum = "0b2cf0344971ee6c64c31be0d530793fba457d322dfec2810c453d0ef228f9c3"
dependencies = [
 "log",
]

[[package]]
name = "event-manager"
version = "0.2.1"
source = "registry+https://github.com/rust-lang/crates.io-index"
checksum = "377fa591135fbe23396a18e2655a6d5481bf7c5823cdfa3cc81b01a229cbe640"
dependencies = [
 "libc",
 "vmm-sys-util",
]

[[package]]
name = "fastrand"
version = "1.7.0"
source = "registry+https://github.com/rust-lang/crates.io-index"
checksum = "c3fcf0cee53519c866c09b5de1f6c56ff9d647101f81c1964fa632e148896cdf"
dependencies = [
 "instant",
]

[[package]]
name = "hashbrown"
version = "0.11.2"
source = "registry+https://github.com/rust-lang/crates.io-index"
checksum = "ab5ef0d4909ef3724cc8cce6ccc8572c5c817592e9285f5464f8e86f8bd3726e"

[[package]]
name = "indexmap"
version = "1.8.0"
source = "registry+https://github.com/rust-lang/crates.io-index"
checksum = "282a6247722caba404c065016bbfa522806e51714c34f5dfc3e4a3a46fcb4223"
dependencies = [
 "autocfg",
 "hashbrown",
]

[[package]]
name = "instant"
version = "0.1.12"
source = "registry+https://github.com/rust-lang/crates.io-index"
checksum = "7a5bbe824c507c5da5956355e86a746d82e0e1464f65d862cc5e71da70e94b2c"
dependencies = [
 "cfg-if",
]

[[package]]
name = "ioutils"
version = "0.0.1"
dependencies = [
 "libc",
 "nix",
]

[[package]]
name = "kvm-bindings"
version = "0.5.0"
source = "registry+https://github.com/rust-lang/crates.io-index"
checksum = "a78c049190826fff959994b7c1d8a2930d0a348f1b8f3aa4f9bb34cd5d7f2952"

[[package]]
name = "lazy_static"
version = "1.4.0"
source = "registry+https://github.com/rust-lang/crates.io-index"
checksum = "e2abad23fbc42b3700f2f279844dc832adb2b2eb069b2df918f455c4e18cc646"

[[package]]
name = "libc"
version = "0.2.126"
source = "registry+https://github.com/rust-lang/crates.io-index"
checksum = "349d5a591cd28b49e1d1037471617a32ddcda5731b99419008085f72d5a53836"

[[package]]
name = "log"
version = "0.4.16"
source = "registry+https://github.com/rust-lang/crates.io-index"
checksum = "6389c490849ff5bc16be905ae24bc913a9c8892e19b2341dbc175e14c341c2b8"
dependencies = [
 "cfg-if",
]

[[package]]
name = "memchr"
version = "2.4.1"
source = "registry+https://github.com/rust-lang/crates.io-index"
checksum = "308cc39be01b73d0d18f82a0e7b2a3df85245f84af96fdddc5d202d27e47b86a"

[[package]]
name = "memoffset"
version = "0.6.4"
source = "registry+https://github.com/rust-lang/crates.io-index"
checksum = "59accc507f1338036a0477ef61afdae33cde60840f4dfe481319ce3ad116ddf9"
dependencies = [
 "autocfg",
]

[[package]]
name = "nix"
version = "0.24.2"
source = "registry+https://github.com/rust-lang/crates.io-index"
checksum = "195cdbc1741b8134346d515b3a56a1c94b0912758009cfd53f99ea0f57b065fc"
dependencies = [
 "bitflags",
 "cfg-if",
 "libc",
 "memoffset",
]

[[package]]
name = "num-derive"
version = "0.3.3"
source = "registry+https://github.com/rust-lang/crates.io-index"
checksum = "876a53fff98e03a936a674b29568b0e605f06b29372c2489ff4de23f1949743d"
dependencies = [
 "proc-macro2",
 "quote",
 "syn",
]

[[package]]
name = "num-traits"
version = "0.2.14"
source = "registry+https://github.com/rust-lang/crates.io-index"
checksum = "9a64b1ec5cda2586e284722486d802acf1f7dbdc623e2bfc57e65ca1cd099290"
dependencies = [
 "autocfg",
]

[[package]]
name = "os_str_bytes"
version = "6.0.0"
source = "registry+https://github.com/rust-lang/crates.io-index"
checksum = "8e22443d1643a904602595ba1cd8f7d896afe56d26712531c5ff73a15b2fbf64"
dependencies = [
 "memchr",
]

[[package]]
name = "proc-macro2"
version = "1.0.32"
source = "registry+https://github.com/rust-lang/crates.io-index"
checksum = "ba508cc11742c0dc5c1659771673afbab7a0efab23aa17e854cbab0837ed0b43"
dependencies = [
 "unicode-xid",
]

[[package]]
name = "quote"
version = "1.0.10"
source = "registry+https://github.com/rust-lang/crates.io-index"
checksum = "38bc8cc6a5f2e3655e0899c1b848643b2562f853f114bfec7be120678e3ace05"
dependencies = [
 "proc-macro2",
]

[[package]]
name = "redox_syscall"
version = "0.2.10"
source = "registry+https://github.com/rust-lang/crates.io-index"
checksum = "8383f39639269cde97d255a32bdb68c047337295414940c68bdd30c2e13203ff"
dependencies = [
 "bitflags",
]

[[package]]
name = "remove_dir_all"
version = "0.5.3"
source = "registry+https://github.com/rust-lang/crates.io-index"
checksum = "3acd125665422973a33ac9d3dd2df85edad0f4ae9b00dafb1a05e43a9f5ef8e7"
dependencies = [
 "winapi",
]

[[package]]
name = "simple-error"
version = "0.2.3"
source = "registry+https://github.com/rust-lang/crates.io-index"
checksum = "cc47a29ce97772ca5c927f75bac34866b16d64e07f330c3248e2d7226623901b"

[[package]]
name = "stage1-interface"
version = "0.1.0"
dependencies = [
 "chlorine",
]

[[package]]
name = "syn"
version = "1.0.81"
source = "registry+https://github.com/rust-lang/crates.io-index"
checksum = "f2afee18b8beb5a596ecb4a2dce128c719b4ba399d34126b9e4396e3f9860966"
dependencies = [
 "proc-macro2",
 "quote",
 "unicode-xid",
]

[[package]]
name = "tempfile"
version = "3.3.0"
source = "registry+https://github.com/rust-lang/crates.io-index"
checksum = "5cdb1ef4eaeeaddc8fbd371e5017057064af0911902ef36b39801f67cc6d79e4"
dependencies = [
 "cfg-if",
 "fastrand",
 "libc",
 "redox_syscall",
 "remove_dir_all",
 "winapi",
]

[[package]]
name = "textwrap"
version = "0.15.0"
source = "registry+https://github.com/rust-lang/crates.io-index"
checksum = "b1141d4d61095b28419e22cb0bbf02755f5e54e0526f97f1e3d1d160e60885fb"

[[package]]
name = "thiserror"
version = "1.0.30"
source = "registry+https://github.com/rust-lang/crates.io-index"
checksum = "854babe52e4df1653706b98fcfc05843010039b406875930a70e4d9644e5c417"
dependencies = [
 "thiserror-impl",
]

[[package]]
name = "thiserror-impl"
version = "1.0.30"
source = "registry+https://github.com/rust-lang/crates.io-index"
checksum = "aa32fd3f627f367fe16f893e2597ae3c05020f8bba2666a4e6ea73d377e5714b"
dependencies = [
 "proc-macro2",
 "quote",
 "syn",
]

[[package]]
name = "unicode-xid"
version = "0.2.2"
source = "registry+https://github.com/rust-lang/crates.io-index"
checksum = "8ccb82d61f80a663efe1f787a51b16b5a51e3314d6ac365b08639f52387b33f3"

[[package]]
name = "virtio-blk"
version = "0.1.0"
source = "git+https://github.com/Mic92/vm-virtio.git?rev=d90ac73e369824ddc577f47c59e9303b1c7c8e7d#d90ac73e369824ddc577f47c59e9303b1c7c8e7d"
dependencies = [
 "log",
 "virtio-device",
 "virtio-queue",
 "vm-memory",
 "vmm-sys-util",
]

[[package]]
name = "virtio-device"
version = "0.1.0"
source = "git+https://github.com/Mic92/vm-virtio.git?rev=d90ac73e369824ddc577f47c59e9303b1c7c8e7d#d90ac73e369824ddc577f47c59e9303b1c7c8e7d"
dependencies = [
 "log",
 "virtio-queue",
 "vm-memory",
]

[[package]]
name = "virtio-queue"
version = "0.1.0"
source = "git+https://github.com/Mic92/vm-virtio.git?rev=d90ac73e369824ddc577f47c59e9303b1c7c8e7d#d90ac73e369824ddc577f47c59e9303b1c7c8e7d"
dependencies = [
 "log",
 "vm-memory",
 "vmm-sys-util",
]

[[package]]
name = "vm-device"
version = "0.1.0"
source = "git+https://github.com/rust-vmm/vm-device?rev=989c315712b80a538331fe05716323f2f64abf2e#989c315712b80a538331fe05716323f2f64abf2e"

[[package]]
name = "vm-memory"
version = "0.5.0"
source = "git+https://github.com/pogobanane/vm-memory.git?rev=3846add06a58f3df2bdd0b55b4ad064c20d21f53#3846add06a58f3df2bdd0b55b4ad064c20d21f53"
dependencies = [
 "libc",
 "log",
 "nix",
 "winapi",
]

[[package]]
name = "vmm-sys-util"
version = "0.9.0"
source = "registry+https://github.com/rust-lang/crates.io-index"
checksum = "733537bded03aaa93543f785ae997727b30d1d9f4a03b7861d23290474242e11"
dependencies = [
 "bitflags",
 "libc",
]

[[package]]
name = "vmsh"
version = "0.1.0"
dependencies = [
 "bcc",
 "bitflags",
 "build-utils",
 "clap",
 "container-pid",
 "elfloader",
 "env_logger",
 "event-manager",
 "ioutils",
 "kvm-bindings",
 "lazy_static",
 "libc",
 "log",
 "nix",
 "num-derive",
 "num-traits",
 "simple-error",
 "stage1-interface",
 "tempfile",
 "virtio-blk",
 "virtio-device",
 "virtio-queue",
 "vm-device",
 "vm-memory",
 "vmm-sys-util",
 "xmas-elf",
]

[[package]]
name = "winapi"
version = "0.3.9"
source = "registry+https://github.com/rust-lang/crates.io-index"
checksum = "5c839a674fcd7a98952e593242ea400abe93992746761e38641405d28b00f419"
dependencies = [
 "winapi-i686-pc-windows-gnu",
 "winapi-x86_64-pc-windows-gnu",
]

[[package]]
name = "winapi-i686-pc-windows-gnu"
version = "0.4.0"
source = "registry+https://github.com/rust-lang/crates.io-index"
checksum = "ac3b87c63620426dd9b991e5ce0329eff545bccbbb34f3be09ff6fb6ab51b7b6"

[[package]]
name = "winapi-x86_64-pc-windows-gnu"
version = "0.4.0"
source = "registry+https://github.com/rust-lang/crates.io-index"
checksum = "712e227841d057c1ee1cd2fb22fa7e5a5461ae8e48fa2ca79ec42cfc1931183f"

[[package]]
name = "xmas-elf"
version = "0.8.0"
source = "registry+https://github.com/rust-lang/crates.io-index"
checksum = "8d29b4d8e7beaceb4e77447ba941a7600d23d0319ab52da0461abea214832d5a"
dependencies = [
 "zero",
]

[[package]]
name = "zero"
version = "0.1.2"
source = "registry+https://github.com/rust-lang/crates.io-index"
checksum = "5f1bc8a6b2005884962297587045002d8cfb8dcec9db332f4ca216ddc5de82c5"
