# This file is automatically @generated by Cargo.
# It is not intended for manual editing.
version = 3

[[package]]
name = "anstyle"
version = "1.0.0"
source = "registry+https://github.com/rust-lang/crates.io-index"
checksum = "41ed9a86bf92ae6580e0a31281f65a1b1d867c0cc68d5346e2ae128dddfa6a7d"

[[package]]
name = "autocfg"
version = "1.0.1"
source = "registry+https://github.com/rust-lang/crates.io-index"
checksum = "cdb031dd78e28731d87d56cc8ffef4a8f36ca26c38fe2de700543e627f8a464a"

[[package]]
name = "bcc"
version = "0.0.33"
source = "registry+https://github.com/rust-lang/crates.io-index"
checksum = "ce860f38082f1544a557dfa447838143e1b0bfa061c0369e407ebadf640001d1"
dependencies = [
 "bcc-sys",
 "bitflags 1.3.2",
 "byteorder",
 "libc",
 "socket2",
 "thiserror",
]

[[package]]
name = "bcc-sys"
version = "0.23.0"
source = "registry+https://github.com/rust-lang/crates.io-index"
checksum = "5f40afb3abbf90895dda3ddbc6d8734d24215130a22d646067690f5e318f81bc"

[[package]]
name = "bitflags"
version = "1.3.2"
source = "registry+https://github.com/rust-lang/crates.io-index"
checksum = "bef38d45163c2f1dde094a7dfd33ccf595c92905c8f8f4fdc18d06fb1037718a"

[[package]]
name = "bitflags"
version = "2.3.3"
source = "registry+https://github.com/rust-lang/crates.io-index"
checksum = "630be753d4e58660abd17930c71b647fe46c27ea6b63cc59e1e3851406972e42"

[[package]]
name = "build-utils"
version = "0.0.1"

[[package]]
name = "byteorder"
version = "1.4.3"
source = "registry+https://github.com/rust-lang/crates.io-index"
checksum = "14c189c53d098945499cdfa7ecc63567cf3886b3332b312a5b4585d8d3a6a610"

[[package]]
name = "cc"
version = "1.0.82"
source = "registry+https://github.com/rust-lang/crates.io-index"
checksum = "305fe645edc1442a0fa8b6726ba61d422798d37a52e12eaecf4b022ebbb88f01"
dependencies = [
 "libc",
]

[[package]]
name = "cfg-if"
version = "1.0.0"
source = "registry+https://github.com/rust-lang/crates.io-index"
checksum = "baf1de4339761588bc0619e3cbc0120ee582ebb74b53b4efbf79117bd2da40fd"

[[package]]
name = "chlorine"
version = "1.0.9"
source = "registry+https://github.com/rust-lang/crates.io-index"
checksum = "11ec8446a392659397e36a823f11c4800eb451d045bb4f37761fbf457d972769"

[[package]]
name = "clap"
version = "4.3.19"
source = "registry+https://github.com/rust-lang/crates.io-index"
checksum = "5fd304a20bff958a57f04c4e96a2e7594cc4490a0e809cbd48bb6437edaa452d"
dependencies = [
 "clap_builder",
]

[[package]]
name = "clap_builder"
version = "4.3.19"
source = "registry+https://github.com/rust-lang/crates.io-index"
checksum = "01c6a3f08f1fe5662a35cfe393aec09c4df95f60ee93b7556505260f75eee9e1"
dependencies = [
 "anstyle",
 "clap_lex",
 "once_cell",
 "strsim",
]

[[package]]
name = "clap_lex"
version = "0.5.0"
source = "registry+https://github.com/rust-lang/crates.io-index"
checksum = "2da6da31387c7e4ef160ffab6d5e7f00c42626fe39aea70a7b0f1773f7dd6c1b"

[[package]]
name = "container-pid"
version = "0.2.0"
source = "registry+https://github.com/rust-lang/crates.io-index"
checksum = "68d1dacc03e8237a068c9f700c4fddad103cb59b6f891ab401df10eb0bee4e76"
dependencies = [
 "libc",
 "simple-error",
]

[[package]]
name = "elfloader"
version = "0.16.0"
source = "registry+https://github.com/rust-lang/crates.io-index"
checksum = "6a7b18d35bf8ec3bac59c3ec29cf1f1b46e764e00b42a9c0c754d06e38e78f3b"
dependencies = [
 "bitflags 1.3.2",
 "log",
 "xmas-elf",
]

[[package]]
name = "env_logger"
version = "0.10.0"
source = "registry+https://github.com/rust-lang/crates.io-index"
checksum = "85cdab6a89accf66733ad5a1693a4dcced6aeff64602b634530dd73c1f3ee9f0"
dependencies = [
 "log",
]

[[package]]
name = "event-manager"
version = "0.3.0"
source = "registry+https://github.com/rust-lang/crates.io-index"
checksum = "2bbb5f730c95a458654dee0afb13f1ebb4fc3d7b772789d5f30713ec68fed75d"
dependencies = [
 "libc",
 "vmm-sys-util",
]

[[package]]
name = "ioutils"
version = "0.0.1"
dependencies = [
 "libc",
 "nix",
]

[[package]]
name = "kvm-bindings"
version = "0.6.0"
source = "registry+https://github.com/rust-lang/crates.io-index"
checksum = "efe70e65a5b092161d17f5005b66e5eefe7a94a70c332e755036fc4af78c4e79"

[[package]]
name = "lazy_static"
version = "1.4.0"
source = "registry+https://github.com/rust-lang/crates.io-index"
checksum = "e2abad23fbc42b3700f2f279844dc832adb2b2eb069b2df918f455c4e18cc646"

[[package]]
name = "libc"
version = "0.2.146"
source = "registry+https://github.com/rust-lang/crates.io-index"
checksum = "f92be4933c13fd498862a9e02a3055f8a8d9c039ce33db97306fd5a6caa7f29b"

[[package]]
name = "log"
version = "0.4.19"
source = "registry+https://github.com/rust-lang/crates.io-index"
checksum = "b06a4cde4c0f271a446782e3eff8de789548ce57dbc8eca9292c27f4a42004b4"

[[package]]
name = "memoffset"
version = "0.7.1"
source = "registry+https://github.com/rust-lang/crates.io-index"
checksum = "5de893c32cde5f383baa4c04c5d6dbdd735cfd4a794b0debdb2bb1b421da5ff4"
dependencies = [
 "autocfg",
]

[[package]]
name = "nix"
version = "0.26.2"
source = "registry+https://github.com/rust-lang/crates.io-index"
checksum = "bfdda3d196821d6af13126e40375cdf7da646a96114af134d5f417a9a1dc8e1a"
dependencies = [
 "bitflags 1.3.2",
 "cfg-if",
 "libc",
 "memoffset",
 "pin-utils",
 "static_assertions",
]

[[package]]
name = "num-derive"
version = "0.3.3"
source = "registry+https://github.com/rust-lang/crates.io-index"
checksum = "876a53fff98e03a936a674b29568b0e605f06b29372c2489ff4de23f1949743d"
dependencies = [
 "proc-macro2",
 "quote",
 "syn",
]

[[package]]
name = "num-traits"
version = "0.2.15"
source = "registry+https://github.com/rust-lang/crates.io-index"
checksum = "578ede34cf02f8924ab9447f50c28075b4d3e5b269972345e7e0372b38c6cdcd"
dependencies = [
 "autocfg",
]

[[package]]
name = "once_cell"
version = "1.17.1"
source = "registry+https://github.com/rust-lang/crates.io-index"
checksum = "b7e5500299e16ebb147ae15a00a942af264cf3688f47923b8fc2cd5858f23ad3"

[[package]]
name = "pin-utils"
version = "0.1.0"
source = "registry+https://github.com/rust-lang/crates.io-index"
checksum = "8b870d8c151b6f2fb93e84a13146138f05d02ed11c7e7c54f8826aaaf7c9f184"

[[package]]
name = "proc-macro2"
version = "1.0.32"
source = "registry+https://github.com/rust-lang/crates.io-index"
checksum = "ba508cc11742c0dc5c1659771673afbab7a0efab23aa17e854cbab0837ed0b43"
dependencies = [
 "unicode-xid",
]

[[package]]
name = "quote"
version = "1.0.10"
source = "registry+https://github.com/rust-lang/crates.io-index"
checksum = "38bc8cc6a5f2e3655e0899c1b848643b2562f853f114bfec7be120678e3ace05"
dependencies = [
 "proc-macro2",
]

[[package]]
name = "signal-hook"
version = "0.3.17"
source = "registry+https://github.com/rust-lang/crates.io-index"
checksum = "8621587d4798caf8eb44879d42e56b9a93ea5dcd315a6487c357130095b62801"
dependencies = [
 "libc",
 "signal-hook-registry",
]

[[package]]
name = "signal-hook-registry"
version = "1.4.1"
source = "registry+https://github.com/rust-lang/crates.io-index"
checksum = "d8229b473baa5980ac72ef434c4415e70c4b5e71b423043adb4ba059f89c99a1"
dependencies = [
 "libc",
]

[[package]]
name = "simple-error"
version = "0.3.0"
source = "registry+https://github.com/rust-lang/crates.io-index"
checksum = "8542b68b8800c3cda649d2c72d688b6907b30f1580043135d61669d4aad1c175"

[[package]]
name = "socket2"
version = "0.4.9"
source = "registry+https://github.com/rust-lang/crates.io-index"
checksum = "64a4a911eed85daf18834cfaa86a79b7d266ff93ff5ba14005426219480ed662"
dependencies = [
 "libc",
 "winapi",
]

[[package]]
name = "stage1-interface"
version = "0.1.0"
dependencies = [
 "chlorine",
]

[[package]]
name = "static_assertions"
version = "1.1.0"
source = "registry+https://github.com/rust-lang/crates.io-index"
checksum = "a2eb9349b6444b326872e140eb1cf5e7c522154d69e7a0ffb0fb81c06b37543f"

[[package]]
name = "strsim"
version = "0.10.0"
source = "registry+https://github.com/rust-lang/crates.io-index"
checksum = "73473c0e59e6d5812c5dfe2a064a6444949f089e20eec9a2e5506596494e4623"

[[package]]
name = "syn"
version = "1.0.81"
source = "registry+https://github.com/rust-lang/crates.io-index"
checksum = "f2afee18b8beb5a596ecb4a2dce128c719b4ba399d34126b9e4396e3f9860966"
dependencies = [
 "proc-macro2",
 "quote",
 "unicode-xid",
]

[[package]]
name = "thiserror"
version = "1.0.30"
source = "registry+https://github.com/rust-lang/crates.io-index"
checksum = "854babe52e4df1653706b98fcfc05843010039b406875930a70e4d9644e5c417"
dependencies = [
 "thiserror-impl",
]

[[package]]
name = "thiserror-impl"
version = "1.0.30"
source = "registry+https://github.com/rust-lang/crates.io-index"
checksum = "aa32fd3f627f367fe16f893e2597ae3c05020f8bba2666a4e6ea73d377e5714b"
dependencies = [
 "proc-macro2",
 "quote",
 "syn",
]

[[package]]
name = "unicode-xid"
version = "0.2.2"
source = "registry+https://github.com/rust-lang/crates.io-index"
checksum = "8ccb82d61f80a663efe1f787a51b16b5a51e3314d6ac365b08639f52387b33f3"

[[package]]
name = "virtio-bindings"
version = "0.2.0"
source = "git+https://github.com/Mic92/vm-virtio.git?rev=82a8e84203b00d6bab0774cc686d0f2a0998bb92#82a8e84203b00d6bab0774cc686d0f2a0998bb92"

[[package]]
name = "virtio-blk"
version = "0.1.0"
source = "git+https://github.com/Mic92/vm-virtio.git?rev=82a8e84203b00d6bab0774cc686d0f2a0998bb92#82a8e84203b00d6bab0774cc686d0f2a0998bb92"
dependencies = [
 "log",
 "virtio-bindings",
 "virtio-device",
 "virtio-queue",
 "vm-memory",
 "vmm-sys-util",
]

[[package]]
name = "virtio-device"
version = "0.1.0"
source = "git+https://github.com/Mic92/vm-virtio.git?rev=82a8e84203b00d6bab0774cc686d0f2a0998bb92#82a8e84203b00d6bab0774cc686d0f2a0998bb92"
dependencies = [
 "log",
 "virtio-bindings",
 "virtio-queue",
 "vm-memory",
]

[[package]]
name = "virtio-queue"
version = "0.8.0"
source = "git+https://github.com/Mic92/vm-virtio.git?rev=82a8e84203b00d6bab0774cc686d0f2a0998bb92#82a8e84203b00d6bab0774cc686d0f2a0998bb92"
dependencies = [
 "log",
 "virtio-bindings",
 "vm-memory",
 "vmm-sys-util",
]

[[package]]
name = "vm-device"
version = "0.1.0"
source = "git+https://github.com/rust-vmm/vm-device?rev=d5937f60b0c5e3b0cb6cfbb3294ccd3f4dc1aa15#d5937f60b0c5e3b0cb6cfbb3294ccd3f4dc1aa15"

[[package]]
name = "vm-memory"
version = "0.11.0"
source = "git+https://github.com/Mic92/vm-memory.git?rev=2cf066e0cad4c11ee6effe03a1b12bcc346ac5b7#2cf066e0cad4c11ee6effe03a1b12bcc346ac5b7"
dependencies = [
 "libc",
 "log",
 "nix",
 "winapi",
]

[[package]]
name = "vmm-sys-util"
version = "0.11.1"
source = "registry+https://github.com/rust-lang/crates.io-index"
checksum = "dd64fe09d8e880e600c324e7d664760a17f56e9672b7495a86381b49e4f72f46"
dependencies = [
 "bitflags 1.3.2",
 "libc",
]

[[package]]
name = "vmsh"
version = "0.1.0"
dependencies = [
 "bcc",
 "bitflags 2.3.3",
 "build-utils",
 "cc",
 "clap",
 "container-pid",
 "elfloader",
 "env_logger",
 "event-manager",
 "ioutils",
 "kvm-bindings",
 "lazy_static",
 "libc",
 "log",
 "nix",
 "num-derive",
 "num-traits",
 "signal-hook",
 "simple-error",
 "stage1-interface",
 "virtio-blk",
 "virtio-device",
 "virtio-queue",
 "vm-device",
 "vm-memory",
 "vmm-sys-util",
 "xmas-elf",
]

[[package]]
name = "winapi"
version = "0.3.9"
source = "registry+https://github.com/rust-lang/crates.io-index"
checksum = "5c839a674fcd7a98952e593242ea400abe93992746761e38641405d28b00f419"
dependencies = [
 "winapi-i686-pc-windows-gnu",
 "winapi-x86_64-pc-windows-gnu",
]

[[package]]
name = "winapi-i686-pc-windows-gnu"
version = "0.4.0"
source = "registry+https://github.com/rust-lang/crates.io-index"
checksum = "ac3b87c63620426dd9b991e5ce0329eff545bccbbb34f3be09ff6fb6ab51b7b6"

[[package]]
name = "winapi-x86_64-pc-windows-gnu"
version = "0.4.0"
source = "registry+https://github.com/rust-lang/crates.io-index"
checksum = "712e227841d057c1ee1cd2fb22fa7e5a5461ae8e48fa2ca79ec42cfc1931183f"

[[package]]
name = "xmas-elf"
version = "0.8.0"
source = "registry+https://github.com/rust-lang/crates.io-index"
checksum = "8d29b4d8e7beaceb4e77447ba941a7600d23d0319ab52da0461abea214832d5a"
dependencies = [
 "zero",
]

[[package]]
name = "zero"
version = "0.1.2"
source = "registry+https://github.com/rust-lang/crates.io-index"
checksum = "5f1bc8a6b2005884962297587045002d8cfb8dcec9db332f4ca216ddc5de82c5"
