{
  "nodes": {
    "fenix": {
      "inputs": {
        "nixpkgs": [
          "nixpkgs"
        ],
        "rust-analyzer-src": "rust-analyzer-src"
      },
      "locked": {
        "lastModified": 1627266442,
        "narHash": "sha256-jmHGpI0XYdAXV31iNBnZwLebd1IZ4EoDlgv7beKQ24c=",
        "owner": "nix-community",
        "repo": "fenix",
        "rev": "b099d59df490f63fb53387739f93c26c08d3b48f",
        "type": "github"
      },
      "original": {
        "owner": "nix-community",
        "repo": "fenix",
        "type": "github"
      }
    },
    "flake-utils": {
      "locked": {
        "lastModified": 1623875721,
        "narHash": "sha256-A8BU7bjS5GirpAUv4QA+QnJ4CceLHkcXdRp4xITDB0s=",
        "owner": "numtide",
        "repo": "flake-utils",
        "rev": "f7e004a55b120c02ecb6219596820fcd32ca8772",
        "type": "github"
      },
      "original": {
        "owner": "numtide",
        "repo": "flake-utils",
        "type": "github"
      }
    },
    "nixpkgs": {
      "locked": {
        "lastModified": 1627170405,
        "narHash": "sha256-6t7ISnt0Iqc2jxIf5+/su6eFmZNWnPAOA1JeOv9lLRE=",
        "owner": "NixOS",
        "repo": "nixpkgs",
        "rev": "ecaf3da9340231e5493eccc3db87604a3705da42",
        "type": "github"
      },
      "original": {
        "owner": "NixOS",
        "ref": "nixpkgs-unstable",
        "repo": "nixpkgs",
        "type": "github"
      }
    },
    "not-os": {
      "flake": false,
      "locked": {
        "lastModified": 1615586706,
        "narHash": "sha256-Qe0hbUL2sByHGN0uP+nFzAi8gVsk8lZXSgzuZ0pj3Mc=",
        "owner": "cleverca22",
        "repo": "not-os",
        "rev": "97186fc3ca8bfed153920353d4e54b46c145dd07",
        "type": "github"
      },
      "original": {
        "owner": "cleverca22",
        "repo": "not-os",
        "type": "github"
      }
    },
    "root": {
      "inputs": {
        "fenix": "fenix",
        "flake-utils": "flake-utils",
        "nixpkgs": "nixpkgs",
        "not-os": "not-os"
      }
    },
    "rust-analyzer-src": {
      "flake": false,
      "locked": {
        "lastModified": 1627221155,
        "narHash": "sha256-NBUEhA4e9fAeXH+3BxnNJdTlGfhukzHIpqD7g2qK1RI=",
        "owner": "rust-analyzer",
        "repo": "rust-analyzer",
        "rev": "5983d3745ac8490c1c2798fdc963aa9fc803dd03",
        "type": "github"
      },
      "original": {
        "owner": "rust-analyzer",
        "ref": "nightly",
        "repo": "rust-analyzer",
        "type": "github"
      }
    }
  },
  "root": "root",
  "version": 7
}
