{
  "nodes": {
    "fenix": {
      "inputs": {
        "naersk": "naersk",
        "nixpkgs": [
          "nixpkgs"
        ],
        "rust-analyzer-src": "rust-analyzer-src"
      },
      "locked": {
        "lastModified": 1625538324,
        "narHash": "sha256-SqDUYDXKwGXT1cQWucnGjMN1gOC2cydVYEh4YKbzRCM=",
        "owner": "nix-community",
        "repo": "fenix",
        "rev": "49e5e7166ff7b7eeff0b7ed995c95afc700145da",
        "type": "github"
      },
      "original": {
        "owner": "nix-community",
        "repo": "fenix",
        "type": "github"
      }
    },
    "flake-utils": {
      "locked": {
        "lastModified": 1623875721,
        "narHash": "sha256-A8BU7bjS5GirpAUv4QA+QnJ4CceLHkcXdRp4xITDB0s=",
        "owner": "numtide",
        "repo": "flake-utils",
        "rev": "f7e004a55b120c02ecb6219596820fcd32ca8772",
        "type": "github"
      },
      "original": {
        "owner": "numtide",
        "repo": "flake-utils",
        "type": "github"
      }
    },
    "naersk": {
      "inputs": {
        "nixpkgs": [
          "nixpkgs"
        ]
      },
      "locked": {
        "lastModified": 1623927034,
        "narHash": "sha256-sGxlmfp5eXL5sAMNqHSb04Zq6gPl+JeltIZ226OYN0w=",
        "owner": "nmattia",
        "repo": "naersk",
        "rev": "e09c320446c5c2516d430803f7b19f5833781337",
        "type": "github"
      },
      "original": {
        "owner": "nmattia",
        "repo": "naersk",
        "type": "github"
      }
    },
    "nixpkgs": {
      "locked": {
        "lastModified": 1625403235,
        "narHash": "sha256-LMitU5qG4zYAO3+5fJbdjmyn9snflCcq+P9eSghbcBI=",
        "owner": "NixOS",
        "repo": "nixpkgs",
        "rev": "f930ea227cecaed1f1bdb047fef54fe4f0721c8c",
        "type": "github"
      },
      "original": {
        "owner": "NixOS",
        "ref": "nixpkgs-unstable",
        "repo": "nixpkgs",
        "type": "github"
      }
    },
    "not-os": {
      "flake": false,
      "locked": {
        "lastModified": 1615586706,
        "narHash": "sha256-Qe0hbUL2sByHGN0uP+nFzAi8gVsk8lZXSgzuZ0pj3Mc=",
        "owner": "cleverca22",
        "repo": "not-os",
        "rev": "97186fc3ca8bfed153920353d4e54b46c145dd07",
        "type": "github"
      },
      "original": {
        "owner": "cleverca22",
        "repo": "not-os",
        "type": "github"
      }
    },
    "root": {
      "inputs": {
        "fenix": "fenix",
        "flake-utils": "flake-utils",
        "nixpkgs": "nixpkgs",
        "not-os": "not-os"
      }
    },
    "rust-analyzer-src": {
      "flake": false,
      "locked": {
        "lastModified": 1625518962,
        "narHash": "sha256-j50OfHmKhHwYyOdI+4dMnOsBUqnrEjq+igdrEuxBsNY=",
        "owner": "rust-analyzer",
        "repo": "rust-analyzer",
        "rev": "f9d20b674796cfaa04902420ef8bd567e472ff77",
        "type": "github"
      },
      "original": {
        "owner": "rust-analyzer",
        "ref": "nightly",
        "repo": "rust-analyzer",
        "type": "github"
      }
    }
  },
  "root": "root",
  "version": 7
}
