{
  "nodes": {
    "fenix": {
      "inputs": {
        "naersk": "naersk",
        "nixpkgs": [
          "nixpkgs"
        ],
        "rust-analyzer-src": "rust-analyzer-src"
      },
      "locked": {
        "lastModified": 1621520584,
        "narHash": "sha256-hmRTGCob/e2aMVdZmZ3WbGkZfe0VFyhm50OWg0a9wEY=",
        "owner": "nix-community",
        "repo": "fenix",
        "rev": "eb675344bfbcea8275a850bd97c00062f6071780",
        "type": "github"
      },
      "original": {
        "owner": "nix-community",
        "repo": "fenix",
        "type": "github"
      }
    },
    "flake-utils": {
      "locked": {
        "lastModified": 1620759905,
        "narHash": "sha256-WiyWawrgmyN0EdmiHyG2V+fqReiVi8bM9cRdMaKQOFg=",
        "owner": "numtide",
        "repo": "flake-utils",
        "rev": "b543720b25df6ffdfcf9227afafc5b8c1fabfae8",
        "type": "github"
      },
      "original": {
        "owner": "numtide",
        "repo": "flake-utils",
        "type": "github"
      }
    },
    "naersk": {
      "inputs": {
        "nixpkgs": [
          "nixpkgs"
        ]
      },
      "locked": {
        "lastModified": 1620316130,
        "narHash": "sha256-sU0VS5oJS1FsHsZsLELAXc7G2eIelVuucRw+q5B1x9k=",
        "owner": "nmattia",
        "repo": "naersk",
        "rev": "a3f40fe42cc6d267ff7518fa3199e99ff1444ac4",
        "type": "github"
      },
      "original": {
        "owner": "nmattia",
        "repo": "naersk",
        "type": "github"
      }
    },
    "nixpkgs": {
      "locked": {
        "lastModified": 1621471095,
        "narHash": "sha256-Ses8dUMzdkx/BVn2VznrTtv+DvagdJ2X2aQg/h/O/co=",
        "owner": "NixOS",
        "repo": "nixpkgs",
        "rev": "80fcac0b311031657783b721c935d2d9348dffee",
        "type": "github"
      },
      "original": {
        "owner": "NixOS",
        "ref": "nixpkgs-unstable",
        "repo": "nixpkgs",
        "type": "github"
      }
    },
    "not-os": {
      "flake": false,
      "locked": {
        "lastModified": 1615586706,
        "narHash": "sha256-Qe0hbUL2sByHGN0uP+nFzAi8gVsk8lZXSgzuZ0pj3Mc=",
        "owner": "cleverca22",
        "repo": "not-os",
        "rev": "97186fc3ca8bfed153920353d4e54b46c145dd07",
        "type": "github"
      },
      "original": {
        "owner": "cleverca22",
        "repo": "not-os",
        "type": "github"
      }
    },
    "root": {
      "inputs": {
        "fenix": "fenix",
        "flake-utils": "flake-utils",
        "nixpkgs": "nixpkgs",
        "not-os": "not-os"
      }
    },
    "rust-analyzer-src": {
      "flake": false,
      "locked": {
        "lastModified": 1621460150,
        "narHash": "sha256-aWWPVfjksR0L05er3n9foZTNTCqi0Pa84y3smpyAt7o=",
        "owner": "rust-analyzer",
        "repo": "rust-analyzer",
        "rev": "764241e38e46316b6370977e8b51e841e93e84b9",
        "type": "github"
      },
      "original": {
        "owner": "rust-analyzer",
        "ref": "nightly",
        "repo": "rust-analyzer",
        "type": "github"
      }
    }
  },
  "root": "root",
  "version": 7
}
