# This file is automatically @generated by Cargo.
# It is not intended for manual editing.
version = 3

[[package]]
name = "build-utils"
version = "0.0.1"

[[package]]
name = "libc"
version = "0.2.98"
source = "registry+https://github.com/rust-lang/crates.io-index"
checksum = "320cfe77175da3a483efed4bc0adc1968ca050b098ce4f2f1c13a56626128790"

[[package]]
name = "stage1"
version = "0.1.0"
dependencies = [
 "build-utils",
 "libc",
]

[[package]]
name = "stage1-kmod"
version = "0.0.1"
dependencies = [
 "stage1",
]
