# This file is automatically @generated by Cargo.
# It is not intended for manual editing.
version = 3

[[package]]
name = "build-utils"
version = "0.0.1"

[[package]]
name = "cc"
version = "1.0.73"
source = "registry+https://github.com/rust-lang/crates.io-index"
checksum = "2fff2a6927b3bb87f9595d67196a70493f627687a71d87a0d692242c33f58c11"

[[package]]
name = "chlorine"
version = "1.0.10"
source = "registry+https://github.com/rust-lang/crates.io-index"
checksum = "75476fe966a8af7c0ceae2a3e514afa87d4451741fcdfab8bfaa07ad301842ec"

[[package]]
name = "stage1"
version = "0.1.0"
dependencies = [
 "build-utils",
 "cc",
 "chlorine",
 "stage1-interface",
]

[[package]]
name = "stage1-interface"
version = "0.1.0"
dependencies = [
 "chlorine",
]
