# This file is automatically @generated by Cargo.
# It is not intended for manual editing.
version = 3

[[package]]
name = "build-utils"
version = "0.0.1"

[[package]]
name = "cc"
version = "1.0.79"
source = "registry+https://github.com/rust-lang/crates.io-index"
checksum = "50d30906286121d95be3d479533b458f87493b30a4b5f79a607db8f5d11aa91f"

[[package]]
name = "chlorine"
version = "1.0.9"
source = "registry+https://github.com/rust-lang/crates.io-index"
checksum = "11ec8446a392659397e36a823f11c4800eb451d045bb4f37761fbf457d972769"

[[package]]
name = "stage1"
version = "0.1.0"
dependencies = [
 "build-utils",
 "cc",
 "chlorine",
 "stage1-interface",
]

[[package]]
name = "stage1-interface"
version = "0.1.0"
dependencies = [
 "chlorine",
]
