# This file is automatically @generated by Cargo.
# It is not intended for manual editing.
version = 3

[[package]]
name = "build-utils"
version = "0.0.1"

[[package]]
name = "cc"
version = "1.0.69"
source = "registry+https://github.com/rust-lang/crates.io-index"
checksum = "e70cc2f62c6ce1868963827bd677764c62d07c3d9a3e1fb1177ee1a9ab199eb2"

[[package]]
name = "chlorine"
version = "1.0.7"
source = "registry+https://github.com/rust-lang/crates.io-index"
checksum = "bd650552110e39b7c5058986cf177decd3365841836578ac50a286094eac0be6"

[[package]]
name = "stage1"
version = "0.1.0"
dependencies = [
 "build-utils",
 "cc",
 "chlorine",
 "stage1-interface",
]

[[package]]
name = "stage1-interface"
version = "0.1.0"
dependencies = [
 "chlorine",
]
